
Microsoft Visual Studio Solution File, Format Version 12.00
# Visual Studio Version 16
VisualStudioVersion = 16.0.31112.23
MinimumVisualStudioVersion = 10.0.40219.1
Project("{FAE04EC0-301F-11D3-BF4B-00C04F79EFBC}") = "Bar_Gen_Task2.Android", "Bar_Gen_Task2\Bar_Gen_Task2.Android\Bar_Gen_Task2.Android.csproj", "{F1C95071-DBCE-4BC0-8EF4-BDFD804CA9B1}"
EndProject
Project("{FAE04EC0-301F-11D3-BF4B-00C04F79EFBC}") = "Bar_Gen_Task2", "Bar_Gen_Task2\Bar_Gen_Task2\Bar_Gen_Task2.csproj", "{0985EA0A-2EFE-40BE-B132-FA714184418A}"
EndProject
Global
	GlobalSection(SolutionConfigurationPlatforms) = preSolution
		Debug|Any CPU = Debug|Any CPU
		Release|Any CPU = Release|Any CPU
	EndGlobalSection
	GlobalSection(ProjectConfigurationPlatforms) = postSolution
		{F1C95071-DBCE-4BC0-8EF4-BDFD804CA9B1}.Debug|Any CPU.ActiveCfg = Debug|Any CPU
		{F1C95071-DBCE-4BC0-8EF4-BDFD804CA9B1}.Debug|Any CPU.Build.0 = Debug|Any CPU
		{F1C95071-DBCE-4BC0-8EF4-BDFD804CA9B1}.Debug|Any CPU.Deploy.0 = Debug|Any CPU
		{F1C95071-DBCE-4BC0-8EF4-BDFD804CA9B1}.Release|Any CPU.ActiveCfg = Release|Any CPU
		{F1C95071-DBCE-4BC0-8EF4-BDFD804CA9B1}.Release|Any CPU.Build.0 = Release|Any CPU
		{F1C95071-DBCE-4BC0-8EF4-BDFD804CA9B1}.Release|Any CPU.Deploy.0 = Release|Any CPU
		{0985EA0A-2EFE-40BE-B132-FA714184418A}.Debug|Any CPU.ActiveCfg = Debug|Any CPU
		{0985EA0A-2EFE-40BE-B132-FA714184418A}.Debug|Any CPU.Build.0 = Debug|Any CPU
		{0985EA0A-2EFE-40BE-B132-FA714184418A}.Debug|Any CPU.Deploy.0 = Debug|Any CPU
		{0985EA0A-2EFE-40BE-B132-FA714184418A}.Release|Any CPU.ActiveCfg = Release|Any CPU
		{0985EA0A-2EFE-40BE-B132-FA714184418A}.Release|Any CPU.Build.0 = Release|Any CPU
		{0985EA0A-2EFE-40BE-B132-FA714184418A}.Release|Any CPU.Deploy.0 = Release|Any CPU
	EndGlobalSection
	GlobalSection(SolutionProperties) = preSolution
		HideSolutionNode = FALSE
	EndGlobalSection
	GlobalSection(ExtensibilityGlobals) = postSolution
		SolutionGuid = {1E4C11B2-2092-496A-BCF3-597FE9BE8076}
	EndGlobalSection
EndGlobal
